
Microsoft Visual Studio Solution File, Format Version 12.00
# Visual Studio Version 17
VisualStudioVersion = 17.5.002.0
MinimumVisualStudioVersion = 10.0.40219.1
Project("{9A19103F-16F7-4668-BE54-9A1E7A4F7556}") = "passwordgen", "passwordgen.csproj", "{C706AF08-AD55-41D0-9DB7-B0A0BFC079C3}"
EndProject
Global
	GlobalSection(SolutionConfigurationPlatforms) = preSolution
		Debug|Any CPU = Debug|Any CPU
		Release|Any CPU = Release|Any CPU
	EndGlobalSection
	GlobalSection(ProjectConfigurationPlatforms) = postSolution
		{C706AF08-AD55-41D0-9DB7-B0A0BFC079C3}.Debug|Any CPU.ActiveCfg = Debug|Any CPU
		{C706AF08-AD55-41D0-9DB7-B0A0BFC079C3}.Debug|Any CPU.Build.0 = Debug|Any CPU
		{C706AF08-AD55-41D0-9DB7-B0A0BFC079C3}.Release|Any CPU.ActiveCfg = Release|Any CPU
		{C706AF08-AD55-41D0-9DB7-B0A0BFC079C3}.Release|Any CPU.Build.0 = Release|Any CPU
	EndGlobalSection
	GlobalSection(SolutionProperties) = preSolution
		HideSolutionNode = FALSE
	EndGlobalSection
	GlobalSection(ExtensibilityGlobals) = postSolution
		SolutionGuid = {94DFB547-777D-46EC-95AA-8C6DD4FFA665}
	EndGlobalSection
EndGlobal
